
Microsoft Visual Studio Solution File, Format Version 12.00
# Visual Studio Version 17
VisualStudioVersion = 17.0.31903.59
MinimumVisualStudioVersion = 10.0.40219.1
Project("{2150E333-8FDC-42A3-9474-1A3956D46DE8}") = "shared", "shared", "{4F52FD11-658E-A102-6CD3-7D7C16FFA15B}"
EndProject
Project("{FAE04EC0-301F-11D3-BF4B-00C04F79EFBC}") = "Qams.BuildingBlocks", "shared\Qams.BuildingBlocks\Qams.BuildingBlocks.csproj", "{6EBFC804-DA23-4091-BFF9-5C4A510FB346}"
EndProject
Project("{2150E333-8FDC-42A3-9474-1A3956D46DE8}") = "services", "services", "{5854FF58-B8C5-05C6-5BF2-ACE42193F22B}"
EndProject
Project("{FAE04EC0-301F-11D3-BF4B-00C04F79EFBC}") = "Qams.Identity.Api", "services\Qams.Identity.Api\Qams.Identity.Api.csproj", "{A35F0931-22D6-4E60-B1B6-2F0B46718992}"
EndProject
Project("{FAE04EC0-301F-11D3-BF4B-00C04F79EFBC}") = "Qams.AuditLedger.Api", "services\Qams.AuditLedger.Api\Qams.AuditLedger.Api.csproj", "{4C612D4F-4851-4F9E-A911-EB2EFBD29D9B}"
EndProject
Project("{FAE04EC0-301F-11D3-BF4B-00C04F79EFBC}") = "Qams.Workflow.Api", "services\Qams.Workflow.Api\Qams.Workflow.Api.csproj", "{F06603D5-4223-4C57-A7AE-0FDB1ECF6E27}"
EndProject
Project("{FAE04EC0-301F-11D3-BF4B-00C04F79EFBC}") = "Qams.QualityEvents.Api", "services\Qams.QualityEvents.Api\Qams.QualityEvents.Api.csproj", "{F4FE6E1E-A659-401F-99C6-23D787EE0ED8}"
EndProject
Project("{FAE04EC0-301F-11D3-BF4B-00C04F79EFBC}") = "Qams.Capa.Api", "services\Qams.Capa.Api\Qams.Capa.Api.csproj", "{C7132C05-E4F0-46B9-BC3E-7FDCB9A3A717}"
EndProject
Global
	GlobalSection(SolutionConfigurationPlatforms) = preSolution
		Debug|Any CPU = Debug|Any CPU
		Debug|x64 = Debug|x64
		Debug|x86 = Debug|x86
		Release|Any CPU = Release|Any CPU
		Release|x64 = Release|x64
		Release|x86 = Release|x86
	EndGlobalSection
	GlobalSection(ProjectConfigurationPlatforms) = postSolution
		{6EBFC804-DA23-4091-BFF9-5C4A510FB346}.Debug|Any CPU.ActiveCfg = Debug|Any CPU
		{6EBFC804-DA23-4091-BFF9-5C4A510FB346}.Debug|Any CPU.Build.0 = Debug|Any CPU
		{6EBFC804-DA23-4091-BFF9-5C4A510FB346}.Debug|x64.ActiveCfg = Debug|Any CPU
		{6EBFC804-DA23-4091-BFF9-5C4A510FB346}.Debug|x64.Build.0 = Debug|Any CPU
		{6EBFC804-DA23-4091-BFF9-5C4A510FB346}.Debug|x86.ActiveCfg = Debug|Any CPU
		{6EBFC804-DA23-4091-BFF9-5C4A510FB346}.Debug|x86.Build.0 = Debug|Any CPU
		{6EBFC804-DA23-4091-BFF9-5C4A510FB346}.Release|Any CPU.ActiveCfg = Release|Any CPU
		{6EBFC804-DA23-4091-BFF9-5C4A510FB346}.Release|Any CPU.Build.0 = Release|Any CPU
		{6EBFC804-DA23-4091-BFF9-5C4A510FB346}.Release|x64.ActiveCfg = Release|Any CPU
		{6EBFC804-DA23-4091-BFF9-5C4A510FB346}.Release|x64.Build.0 = Release|Any CPU
		{6EBFC804-DA23-4091-BFF9-5C4A510FB346}.Release|x86.ActiveCfg = Release|Any CPU
		{6EBFC804-DA23-4091-BFF9-5C4A510FB346}.Release|x86.Build.0 = Release|Any CPU
		{A35F0931-22D6-4E60-B1B6-2F0B46718992}.Debug|Any CPU.ActiveCfg = Debug|Any CPU
		{A35F0931-22D6-4E60-B1B6-2F0B46718992}.Debug|Any CPU.Build.0 = Debug|Any CPU
		{A35F0931-22D6-4E60-B1B6-2F0B46718992}.Debug|x64.ActiveCfg = Debug|Any CPU
		{A35F0931-22D6-4E60-B1B6-2F0B46718992}.Debug|x64.Build.0 = Debug|Any CPU
		{A35F0931-22D6-4E60-B1B6-2F0B46718992}.Debug|x86.ActiveCfg = Debug|Any CPU
		{A35F0931-22D6-4E60-B1B6-2F0B46718992}.Debug|x86.Build.0 = Debug|Any CPU
		{A35F0931-22D6-4E60-B1B6-2F0B46718992}.Release|Any CPU.ActiveCfg = Release|Any CPU
		{A35F0931-22D6-4E60-B1B6-2F0B46718992}.Release|Any CPU.Build.0 = Release|Any CPU
		{A35F0931-22D6-4E60-B1B6-2F0B46718992}.Release|x64.ActiveCfg = Release|Any CPU
		{A35F0931-22D6-4E60-B1B6-2F0B46718992}.Release|x64.Build.0 = Release|Any CPU
		{A35F0931-22D6-4E60-B1B6-2F0B46718992}.Release|x86.ActiveCfg = Release|Any CPU
		{A35F0931-22D6-4E60-B1B6-2F0B46718992}.Release|x86.Build.0 = Release|Any CPU
		{4C612D4F-4851-4F9E-A911-EB2EFBD29D9B}.Debug|Any CPU.ActiveCfg = Debug|Any CPU
		{4C612D4F-4851-4F9E-A911-EB2EFBD29D9B}.Debug|Any CPU.Build.0 = Debug|Any CPU
		{4C612D4F-4851-4F9E-A911-EB2EFBD29D9B}.Debug|x64.ActiveCfg = Debug|Any CPU
		{4C612D4F-4851-4F9E-A911-EB2EFBD29D9B}.Debug|x64.Build.0 = Debug|Any CPU
		{4C612D4F-4851-4F9E-A911-EB2EFBD29D9B}.Debug|x86.ActiveCfg = Debug|Any CPU
		{4C612D4F-4851-4F9E-A911-EB2EFBD29D9B}.Debug|x86.Build.0 = Debug|Any CPU
		{4C612D4F-4851-4F9E-A911-EB2EFBD29D9B}.Release|Any CPU.ActiveCfg = Release|Any CPU
		{4C612D4F-4851-4F9E-A911-EB2EFBD29D9B}.Release|Any CPU.Build.0 = Release|Any CPU
		{4C612D4F-4851-4F9E-A911-EB2EFBD29D9B}.Release|x64.ActiveCfg = Release|Any CPU
		{4C612D4F-4851-4F9E-A911-EB2EFBD29D9B}.Release|x64.Build.0 = Release|Any CPU
		{4C612D4F-4851-4F9E-A911-EB2EFBD29D9B}.Release|x86.ActiveCfg = Release|Any CPU
		{4C612D4F-4851-4F9E-A911-EB2EFBD29D9B}.Release|x86.Build.0 = Release|Any CPU
		{F06603D5-4223-4C57-A7AE-0FDB1ECF6E27}.Debug|Any CPU.ActiveCfg = Debug|Any CPU
		{F06603D5-4223-4C57-A7AE-0FDB1ECF6E27}.Debug|Any CPU.Build.0 = Debug|Any CPU
		{F06603D5-4223-4C57-A7AE-0FDB1ECF6E27}.Debug|x64.ActiveCfg = Debug|Any CPU
		{F06603D5-4223-4C57-A7AE-0FDB1ECF6E27}.Debug|x64.Build.0 = Debug|Any CPU
		{F06603D5-4223-4C57-A7AE-0FDB1ECF6E27}.Debug|x86.ActiveCfg = Debug|Any CPU
		{F06603D5-4223-4C57-A7AE-0FDB1ECF6E27}.Debug|x86.Build.0 = Debug|Any CPU
		{F06603D5-4223-4C57-A7AE-0FDB1ECF6E27}.Release|Any CPU.ActiveCfg = Release|Any CPU
		{F06603D5-4223-4C57-A7AE-0FDB1ECF6E27}.Release|Any CPU.Build.0 = Release|Any CPU
		{F06603D5-4223-4C57-A7AE-0FDB1ECF6E27}.Release|x64.ActiveCfg = Release|Any CPU
		{F06603D5-4223-4C57-A7AE-0FDB1ECF6E27}.Release|x64.Build.0 = Release|Any CPU
		{F06603D5-4223-4C57-A7AE-0FDB1ECF6E27}.Release|x86.ActiveCfg = Release|Any CPU
		{F06603D5-4223-4C57-A7AE-0FDB1ECF6E27}.Release|x86.Build.0 = Release|Any CPU
		{F4FE6E1E-A659-401F-99C6-23D787EE0ED8}.Debug|Any CPU.ActiveCfg = Debug|Any CPU
		{F4FE6E1E-A659-401F-99C6-23D787EE0ED8}.Debug|Any CPU.Build.0 = Debug|Any CPU
		{F4FE6E1E-A659-401F-99C6-23D787EE0ED8}.Debug|x64.ActiveCfg = Debug|Any CPU
		{F4FE6E1E-A659-401F-99C6-23D787EE0ED8}.Debug|x64.Build.0 = Debug|Any CPU
		{F4FE6E1E-A659-401F-99C6-23D787EE0ED8}.Debug|x86.ActiveCfg = Debug|Any CPU
		{F4FE6E1E-A659-401F-99C6-23D787EE0ED8}.Debug|x86.Build.0 = Debug|Any CPU
		{F4FE6E1E-A659-401F-99C6-23D787EE0ED8}.Release|Any CPU.ActiveCfg = Release|Any CPU
		{F4FE6E1E-A659-401F-99C6-23D787EE0ED8}.Release|Any CPU.Build.0 = Release|Any CPU
		{F4FE6E1E-A659-401F-99C6-23D787EE0ED8}.Release|x64.ActiveCfg = Release|Any CPU
		{F4FE6E1E-A659-401F-99C6-23D787EE0ED8}.Release|x64.Build.0 = Release|Any CPU
		{F4FE6E1E-A659-401F-99C6-23D787EE0ED8}.Release|x86.ActiveCfg = Release|Any CPU
		{F4FE6E1E-A659-401F-99C6-23D787EE0ED8}.Release|x86.Build.0 = Release|Any CPU
		{C7132C05-E4F0-46B9-BC3E-7FDCB9A3A717}.Debug|Any CPU.ActiveCfg = Debug|Any CPU
		{C7132C05-E4F0-46B9-BC3E-7FDCB9A3A717}.Debug|Any CPU.Build.0 = Debug|Any CPU
		{C7132C05-E4F0-46B9-BC3E-7FDCB9A3A717}.Debug|x64.ActiveCfg = Debug|Any CPU
		{C7132C05-E4F0-46B9-BC3E-7FDCB9A3A717}.Debug|x64.Build.0 = Debug|Any CPU
		{C7132C05-E4F0-46B9-BC3E-7FDCB9A3A717}.Debug|x86.ActiveCfg = Debug|Any CPU
		{C7132C05-E4F0-46B9-BC3E-7FDCB9A3A717}.Debug|x86.Build.0 = Debug|Any CPU
		{C7132C05-E4F0-46B9-BC3E-7FDCB9A3A717}.Release|Any CPU.ActiveCfg = Release|Any CPU
		{C7132C05-E4F0-46B9-BC3E-7FDCB9A3A717}.Release|Any CPU.Build.0 = Release|Any CPU
		{C7132C05-E4F0-46B9-BC3E-7FDCB9A3A717}.Release|x64.ActiveCfg = Release|Any CPU
		{C7132C05-E4F0-46B9-BC3E-7FDCB9A3A717}.Release|x64.Build.0 = Release|Any CPU
		{C7132C05-E4F0-46B9-BC3E-7FDCB9A3A717}.Release|x86.ActiveCfg = Release|Any CPU
		{C7132C05-E4F0-46B9-BC3E-7FDCB9A3A717}.Release|x86.Build.0 = Release|Any CPU
	EndGlobalSection
	GlobalSection(SolutionProperties) = preSolution
		HideSolutionNode = FALSE
	EndGlobalSection
	GlobalSection(NestedProjects) = preSolution
		{6EBFC804-DA23-4091-BFF9-5C4A510FB346} = {4F52FD11-658E-A102-6CD3-7D7C16FFA15B}
		{A35F0931-22D6-4E60-B1B6-2F0B46718992} = {5854FF58-B8C5-05C6-5BF2-ACE42193F22B}
		{4C612D4F-4851-4F9E-A911-EB2EFBD29D9B} = {5854FF58-B8C5-05C6-5BF2-ACE42193F22B}
		{F06603D5-4223-4C57-A7AE-0FDB1ECF6E27} = {5854FF58-B8C5-05C6-5BF2-ACE42193F22B}
		{F4FE6E1E-A659-401F-99C6-23D787EE0ED8} = {5854FF58-B8C5-05C6-5BF2-ACE42193F22B}
		{C7132C05-E4F0-46B9-BC3E-7FDCB9A3A717} = {5854FF58-B8C5-05C6-5BF2-ACE42193F22B}
	EndGlobalSection
EndGlobal
