
Microsoft Visual Studio Solution File, Format Version 12.00
# Visual Studio Version 17
VisualStudioVersion = 17.0.31903.59
MinimumVisualStudioVersion = 10.0.40219.1
Project("{2150E333-8FDC-42A3-9474-1A3956D46DE8}") = "shared", "shared", "{4F52FD11-658E-A102-6CD3-7D7C16FFA15B}"
EndProject
Project("{FAE04EC0-301F-11D3-BF4B-00C04F79EFBC}") = "Qams.BuildingBlocks", "shared\Qams.BuildingBlocks\Qams.BuildingBlocks.csproj", "{6EBFC804-DA23-4091-BFF9-5C4A510FB346}"
EndProject
Project("{2150E333-8FDC-42A3-9474-1A3956D46DE8}") = "services", "services", "{5854FF58-B8C5-05C6-5BF2-ACE42193F22B}"
EndProject
Project("{FAE04EC0-301F-11D3-BF4B-00C04F79EFBC}") = "Qams.Identity.Api", "services\Qams.Identity.Api\Qams.Identity.Api.csproj", "{A35F0931-22D6-4E60-B1B6-2F0B46718992}"
EndProject
Project("{FAE04EC0-301F-11D3-BF4B-00C04F79EFBC}") = "Qams.AuditLedger.Api", "services\Qams.AuditLedger.Api\Qams.AuditLedger.Api.csproj", "{4C612D4F-4851-4F9E-A911-EB2EFBD29D9B}"
EndProject
Project("{FAE04EC0-301F-11D3-BF4B-00C04F79EFBC}") = "Qams.Workflow.Api", "services\Qams.Workflow.Api\Qams.Workflow.Api.csproj", "{F06603D5-4223-4C57-A7AE-0FDB1ECF6E27}"
EndProject
Project("{FAE04EC0-301F-11D3-BF4B-00C04F79EFBC}") = "Qams.QualityEvents.Api", "services\Qams.QualityEvents.Api\Qams.QualityEvents.Api.csproj", "{F4FE6E1E-A659-401F-99C6-23D787EE0ED8}"
EndProject
Project("{FAE04EC0-301F-11D3-BF4B-00C04F79EFBC}") = "Qams.Capa.Api", "services\Qams.Capa.Api\Qams.Capa.Api.csproj", "{C7132C05-E4F0-46B9-BC3E-7FDCB9A3A717}"
EndProject
Project("{FAE04EC0-301F-11D3-BF4B-00C04F79EFBC}") = "Qams.Policy.Api", "services\Qams.Policy.Api\Qams.Policy.Api.csproj", "{5D6D2EAA-9C6A-48D3-9A36-1A4F5D9205FC}"
EndProject
Project("{FAE04EC0-301F-11D3-BF4B-00C04F79EFBC}") = "Qams.ESignature.Api", "services\Qams.ESignature.Api\Qams.ESignature.Api.csproj", "{24C38EB4-C4AB-4435-B06B-08FE5A5730C7}"
EndProject
Project("{FAE04EC0-301F-11D3-BF4B-00C04F79EFBC}") = "Qams.Notification.Api", "services\Qams.Notification.Api\Qams.Notification.Api.csproj", "{720CA5ED-B96A-412D-B3FE-0B999051F886}"
EndProject
Project("{FAE04EC0-301F-11D3-BF4B-00C04F79EFBC}") = "Qams.DocumentControl.Api", "services\Qams.DocumentControl.Api\Qams.DocumentControl.Api.csproj", "{7084DEF7-B25C-4F34-BC95-128B3254EE55}"
EndProject
Project("{FAE04EC0-301F-11D3-BF4B-00C04F79EFBC}") = "Qams.Training.Api", "services\Qams.Training.Api\Qams.Training.Api.csproj", "{2354FB9F-A90D-405C-95B7-8C8D47905471}"
EndProject
Project("{FAE04EC0-301F-11D3-BF4B-00C04F79EFBC}") = "Qams.ChangeControl.Api", "services\Qams.ChangeControl.Api\Qams.ChangeControl.Api.csproj", "{DD7778F4-EFCD-43F2-959B-7F59C70E8630}"
EndProject
Project("{FAE04EC0-301F-11D3-BF4B-00C04F79EFBC}") = "Qams.AuditInspection.Api", "services\Qams.AuditInspection.Api\Qams.AuditInspection.Api.csproj", "{5BB4072B-BF06-45C8-9D4D-2CA3B00E30D3}"
EndProject
Project("{FAE04EC0-301F-11D3-BF4B-00C04F79EFBC}") = "Qams.Complaints.Api", "services\Qams.Complaints.Api\Qams.Complaints.Api.csproj", "{7566711C-79BD-49B2-91CA-1E4F856ED42F}"
EndProject
Project("{FAE04EC0-301F-11D3-BF4B-00C04F79EFBC}") = "Qams.SupplierQuality.Api", "services\Qams.SupplierQuality.Api\Qams.SupplierQuality.Api.csproj", "{64D37D62-3C27-4FCB-B507-890E65133463}"
EndProject
Project("{FAE04EC0-301F-11D3-BF4B-00C04F79EFBC}") = "Qams.RiskDesignControls.Api", "services\Qams.RiskDesignControls.Api\Qams.RiskDesignControls.Api.csproj", "{51ED1223-115B-443E-9A94-28CF672A2BD1}"
EndProject
Project("{FAE04EC0-301F-11D3-BF4B-00C04F79EFBC}") = "Qams.ProductMaster.Api", "services\Qams.ProductMaster.Api\Qams.ProductMaster.Api.csproj", "{0AA66893-0A23-4D16-BC04-3626AB08DA65}"
EndProject
Project("{FAE04EC0-301F-11D3-BF4B-00C04F79EFBC}") = "Qams.EquipmentCalibration.Api", "services\Qams.EquipmentCalibration.Api\Qams.EquipmentCalibration.Api.csproj", "{00E1266F-ED00-454E-9AF8-819EEAD00166}"
EndProject
Project("{FAE04EC0-301F-11D3-BF4B-00C04F79EFBC}") = "Qams.ManagementReview.Api", "services\Qams.ManagementReview.Api\Qams.ManagementReview.Api.csproj", "{4F16BCBC-0769-427F-A53D-1063F16FFAAC}"
EndProject
Project("{FAE04EC0-301F-11D3-BF4B-00C04F79EFBC}") = "Qams.Reporting.Api", "services\Qams.Reporting.Api\Qams.Reporting.Api.csproj", "{9513B7DE-F42A-4957-9585-A589EC5EF65C}"
EndProject
Project("{FAE04EC0-301F-11D3-BF4B-00C04F79EFBC}") = "Qams.Search.Api", "services\Qams.Search.Api\Qams.Search.Api.csproj", "{40655ABE-4F93-419A-B2E3-E12364DB72EA}"
EndProject
Project("{FAE04EC0-301F-11D3-BF4B-00C04F79EFBC}") = "Qams.AiAssistant.Api", "services\Qams.AiAssistant.Api\Qams.AiAssistant.Api.csproj", "{E081D526-B859-4508-9E5C-9E3912F71240}"
EndProject
Project("{FAE04EC0-301F-11D3-BF4B-00C04F79EFBC}") = "Qams.ValidationEvidence.Api", "services\Qams.ValidationEvidence.Api\Qams.ValidationEvidence.Api.csproj", "{D7223790-AC39-4437-8621-F27D04BC8D0F}"
EndProject
Project("{FAE04EC0-301F-11D3-BF4B-00C04F79EFBC}") = "Qams.Integration.Api", "services\Qams.Integration.Api\Qams.Integration.Api.csproj", "{BA3D4EC4-4061-4971-A53A-2A7E76C02FA3}"
EndProject
Project("{FAE04EC0-301F-11D3-BF4B-00C04F79EFBC}") = "Qams.Forms.Api", "services\Qams.Forms.Api\Qams.Forms.Api.csproj", "{B4838D72-26D9-4158-B8CF-A0F9EF246414}"
EndProject
Project("{FAE04EC0-301F-11D3-BF4B-00C04F79EFBC}") = "Qams.Rules.Api", "services\Qams.Rules.Api\Qams.Rules.Api.csproj", "{404E8DA1-9790-4A3D-BC23-D3A10D08EA74}"
EndProject
Project("{FAE04EC0-301F-11D3-BF4B-00C04F79EFBC}") = "Qams.BuildingBlocks.Tests", "..\..\tests\backend\Qams.BuildingBlocks.Tests\Qams.BuildingBlocks.Tests.csproj", "{2ED9B901-7DCA-4916-B5D1-EC62DFFB13B5}"
EndProject
Global
	GlobalSection(SolutionConfigurationPlatforms) = preSolution
		Debug|Any CPU = Debug|Any CPU
		Debug|x64 = Debug|x64
		Debug|x86 = Debug|x86
		Release|Any CPU = Release|Any CPU
		Release|x64 = Release|x64
		Release|x86 = Release|x86
	EndGlobalSection
	GlobalSection(ProjectConfigurationPlatforms) = postSolution
		{6EBFC804-DA23-4091-BFF9-5C4A510FB346}.Debug|Any CPU.ActiveCfg = Debug|Any CPU
		{6EBFC804-DA23-4091-BFF9-5C4A510FB346}.Debug|Any CPU.Build.0 = Debug|Any CPU
		{6EBFC804-DA23-4091-BFF9-5C4A510FB346}.Debug|x64.ActiveCfg = Debug|Any CPU
		{6EBFC804-DA23-4091-BFF9-5C4A510FB346}.Debug|x64.Build.0 = Debug|Any CPU
		{6EBFC804-DA23-4091-BFF9-5C4A510FB346}.Debug|x86.ActiveCfg = Debug|Any CPU
		{6EBFC804-DA23-4091-BFF9-5C4A510FB346}.Debug|x86.Build.0 = Debug|Any CPU
		{6EBFC804-DA23-4091-BFF9-5C4A510FB346}.Release|Any CPU.ActiveCfg = Release|Any CPU
		{6EBFC804-DA23-4091-BFF9-5C4A510FB346}.Release|Any CPU.Build.0 = Release|Any CPU
		{6EBFC804-DA23-4091-BFF9-5C4A510FB346}.Release|x64.ActiveCfg = Release|Any CPU
		{6EBFC804-DA23-4091-BFF9-5C4A510FB346}.Release|x64.Build.0 = Release|Any CPU
		{6EBFC804-DA23-4091-BFF9-5C4A510FB346}.Release|x86.ActiveCfg = Release|Any CPU
		{6EBFC804-DA23-4091-BFF9-5C4A510FB346}.Release|x86.Build.0 = Release|Any CPU
		{A35F0931-22D6-4E60-B1B6-2F0B46718992}.Debug|Any CPU.ActiveCfg = Debug|Any CPU
		{A35F0931-22D6-4E60-B1B6-2F0B46718992}.Debug|Any CPU.Build.0 = Debug|Any CPU
		{A35F0931-22D6-4E60-B1B6-2F0B46718992}.Debug|x64.ActiveCfg = Debug|Any CPU
		{A35F0931-22D6-4E60-B1B6-2F0B46718992}.Debug|x64.Build.0 = Debug|Any CPU
		{A35F0931-22D6-4E60-B1B6-2F0B46718992}.Debug|x86.ActiveCfg = Debug|Any CPU
		{A35F0931-22D6-4E60-B1B6-2F0B46718992}.Debug|x86.Build.0 = Debug|Any CPU
		{A35F0931-22D6-4E60-B1B6-2F0B46718992}.Release|Any CPU.ActiveCfg = Release|Any CPU
		{A35F0931-22D6-4E60-B1B6-2F0B46718992}.Release|Any CPU.Build.0 = Release|Any CPU
		{A35F0931-22D6-4E60-B1B6-2F0B46718992}.Release|x64.ActiveCfg = Release|Any CPU
		{A35F0931-22D6-4E60-B1B6-2F0B46718992}.Release|x64.Build.0 = Release|Any CPU
		{A35F0931-22D6-4E60-B1B6-2F0B46718992}.Release|x86.ActiveCfg = Release|Any CPU
		{A35F0931-22D6-4E60-B1B6-2F0B46718992}.Release|x86.Build.0 = Release|Any CPU
		{4C612D4F-4851-4F9E-A911-EB2EFBD29D9B}.Debug|Any CPU.ActiveCfg = Debug|Any CPU
		{4C612D4F-4851-4F9E-A911-EB2EFBD29D9B}.Debug|Any CPU.Build.0 = Debug|Any CPU
		{4C612D4F-4851-4F9E-A911-EB2EFBD29D9B}.Debug|x64.ActiveCfg = Debug|Any CPU
		{4C612D4F-4851-4F9E-A911-EB2EFBD29D9B}.Debug|x64.Build.0 = Debug|Any CPU
		{4C612D4F-4851-4F9E-A911-EB2EFBD29D9B}.Debug|x86.ActiveCfg = Debug|Any CPU
		{4C612D4F-4851-4F9E-A911-EB2EFBD29D9B}.Debug|x86.Build.0 = Debug|Any CPU
		{4C612D4F-4851-4F9E-A911-EB2EFBD29D9B}.Release|Any CPU.ActiveCfg = Release|Any CPU
		{4C612D4F-4851-4F9E-A911-EB2EFBD29D9B}.Release|Any CPU.Build.0 = Release|Any CPU
		{4C612D4F-4851-4F9E-A911-EB2EFBD29D9B}.Release|x64.ActiveCfg = Release|Any CPU
		{4C612D4F-4851-4F9E-A911-EB2EFBD29D9B}.Release|x64.Build.0 = Release|Any CPU
		{4C612D4F-4851-4F9E-A911-EB2EFBD29D9B}.Release|x86.ActiveCfg = Release|Any CPU
		{4C612D4F-4851-4F9E-A911-EB2EFBD29D9B}.Release|x86.Build.0 = Release|Any CPU
		{F06603D5-4223-4C57-A7AE-0FDB1ECF6E27}.Debug|Any CPU.ActiveCfg = Debug|Any CPU
		{F06603D5-4223-4C57-A7AE-0FDB1ECF6E27}.Debug|Any CPU.Build.0 = Debug|Any CPU
		{F06603D5-4223-4C57-A7AE-0FDB1ECF6E27}.Debug|x64.ActiveCfg = Debug|Any CPU
		{F06603D5-4223-4C57-A7AE-0FDB1ECF6E27}.Debug|x64.Build.0 = Debug|Any CPU
		{F06603D5-4223-4C57-A7AE-0FDB1ECF6E27}.Debug|x86.ActiveCfg = Debug|Any CPU
		{F06603D5-4223-4C57-A7AE-0FDB1ECF6E27}.Debug|x86.Build.0 = Debug|Any CPU
		{F06603D5-4223-4C57-A7AE-0FDB1ECF6E27}.Release|Any CPU.ActiveCfg = Release|Any CPU
		{F06603D5-4223-4C57-A7AE-0FDB1ECF6E27}.Release|Any CPU.Build.0 = Release|Any CPU
		{F06603D5-4223-4C57-A7AE-0FDB1ECF6E27}.Release|x64.ActiveCfg = Release|Any CPU
		{F06603D5-4223-4C57-A7AE-0FDB1ECF6E27}.Release|x64.Build.0 = Release|Any CPU
		{F06603D5-4223-4C57-A7AE-0FDB1ECF6E27}.Release|x86.ActiveCfg = Release|Any CPU
		{F06603D5-4223-4C57-A7AE-0FDB1ECF6E27}.Release|x86.Build.0 = Release|Any CPU
		{F4FE6E1E-A659-401F-99C6-23D787EE0ED8}.Debug|Any CPU.ActiveCfg = Debug|Any CPU
		{F4FE6E1E-A659-401F-99C6-23D787EE0ED8}.Debug|Any CPU.Build.0 = Debug|Any CPU
		{F4FE6E1E-A659-401F-99C6-23D787EE0ED8}.Debug|x64.ActiveCfg = Debug|Any CPU
		{F4FE6E1E-A659-401F-99C6-23D787EE0ED8}.Debug|x64.Build.0 = Debug|Any CPU
		{F4FE6E1E-A659-401F-99C6-23D787EE0ED8}.Debug|x86.ActiveCfg = Debug|Any CPU
		{F4FE6E1E-A659-401F-99C6-23D787EE0ED8}.Debug|x86.Build.0 = Debug|Any CPU
		{F4FE6E1E-A659-401F-99C6-23D787EE0ED8}.Release|Any CPU.ActiveCfg = Release|Any CPU
		{F4FE6E1E-A659-401F-99C6-23D787EE0ED8}.Release|Any CPU.Build.0 = Release|Any CPU
		{F4FE6E1E-A659-401F-99C6-23D787EE0ED8}.Release|x64.ActiveCfg = Release|Any CPU
		{F4FE6E1E-A659-401F-99C6-23D787EE0ED8}.Release|x64.Build.0 = Release|Any CPU
		{F4FE6E1E-A659-401F-99C6-23D787EE0ED8}.Release|x86.ActiveCfg = Release|Any CPU
		{F4FE6E1E-A659-401F-99C6-23D787EE0ED8}.Release|x86.Build.0 = Release|Any CPU
		{C7132C05-E4F0-46B9-BC3E-7FDCB9A3A717}.Debug|Any CPU.ActiveCfg = Debug|Any CPU
		{C7132C05-E4F0-46B9-BC3E-7FDCB9A3A717}.Debug|Any CPU.Build.0 = Debug|Any CPU
		{C7132C05-E4F0-46B9-BC3E-7FDCB9A3A717}.Debug|x64.ActiveCfg = Debug|Any CPU
		{C7132C05-E4F0-46B9-BC3E-7FDCB9A3A717}.Debug|x64.Build.0 = Debug|Any CPU
		{C7132C05-E4F0-46B9-BC3E-7FDCB9A3A717}.Debug|x86.ActiveCfg = Debug|Any CPU
		{C7132C05-E4F0-46B9-BC3E-7FDCB9A3A717}.Debug|x86.Build.0 = Debug|Any CPU
		{C7132C05-E4F0-46B9-BC3E-7FDCB9A3A717}.Release|Any CPU.ActiveCfg = Release|Any CPU
		{C7132C05-E4F0-46B9-BC3E-7FDCB9A3A717}.Release|Any CPU.Build.0 = Release|Any CPU
		{C7132C05-E4F0-46B9-BC3E-7FDCB9A3A717}.Release|x64.ActiveCfg = Release|Any CPU
		{C7132C05-E4F0-46B9-BC3E-7FDCB9A3A717}.Release|x64.Build.0 = Release|Any CPU
		{C7132C05-E4F0-46B9-BC3E-7FDCB9A3A717}.Release|x86.ActiveCfg = Release|Any CPU
		{C7132C05-E4F0-46B9-BC3E-7FDCB9A3A717}.Release|x86.Build.0 = Release|Any CPU
		{5D6D2EAA-9C6A-48D3-9A36-1A4F5D9205FC}.Debug|Any CPU.ActiveCfg = Debug|Any CPU
		{5D6D2EAA-9C6A-48D3-9A36-1A4F5D9205FC}.Debug|Any CPU.Build.0 = Debug|Any CPU
		{5D6D2EAA-9C6A-48D3-9A36-1A4F5D9205FC}.Debug|x64.ActiveCfg = Debug|Any CPU
		{5D6D2EAA-9C6A-48D3-9A36-1A4F5D9205FC}.Debug|x64.Build.0 = Debug|Any CPU
		{5D6D2EAA-9C6A-48D3-9A36-1A4F5D9205FC}.Debug|x86.ActiveCfg = Debug|Any CPU
		{5D6D2EAA-9C6A-48D3-9A36-1A4F5D9205FC}.Debug|x86.Build.0 = Debug|Any CPU
		{5D6D2EAA-9C6A-48D3-9A36-1A4F5D9205FC}.Release|Any CPU.ActiveCfg = Release|Any CPU
		{5D6D2EAA-9C6A-48D3-9A36-1A4F5D9205FC}.Release|Any CPU.Build.0 = Release|Any CPU
		{5D6D2EAA-9C6A-48D3-9A36-1A4F5D9205FC}.Release|x64.ActiveCfg = Release|Any CPU
		{5D6D2EAA-9C6A-48D3-9A36-1A4F5D9205FC}.Release|x64.Build.0 = Release|Any CPU
		{5D6D2EAA-9C6A-48D3-9A36-1A4F5D9205FC}.Release|x86.ActiveCfg = Release|Any CPU
		{5D6D2EAA-9C6A-48D3-9A36-1A4F5D9205FC}.Release|x86.Build.0 = Release|Any CPU
		{24C38EB4-C4AB-4435-B06B-08FE5A5730C7}.Debug|Any CPU.ActiveCfg = Debug|Any CPU
		{24C38EB4-C4AB-4435-B06B-08FE5A5730C7}.Debug|Any CPU.Build.0 = Debug|Any CPU
		{24C38EB4-C4AB-4435-B06B-08FE5A5730C7}.Debug|x64.ActiveCfg = Debug|Any CPU
		{24C38EB4-C4AB-4435-B06B-08FE5A5730C7}.Debug|x64.Build.0 = Debug|Any CPU
		{24C38EB4-C4AB-4435-B06B-08FE5A5730C7}.Debug|x86.ActiveCfg = Debug|Any CPU
		{24C38EB4-C4AB-4435-B06B-08FE5A5730C7}.Debug|x86.Build.0 = Debug|Any CPU
		{24C38EB4-C4AB-4435-B06B-08FE5A5730C7}.Release|Any CPU.ActiveCfg = Release|Any CPU
		{24C38EB4-C4AB-4435-B06B-08FE5A5730C7}.Release|Any CPU.Build.0 = Release|Any CPU
		{24C38EB4-C4AB-4435-B06B-08FE5A5730C7}.Release|x64.ActiveCfg = Release|Any CPU
		{24C38EB4-C4AB-4435-B06B-08FE5A5730C7}.Release|x64.Build.0 = Release|Any CPU
		{24C38EB4-C4AB-4435-B06B-08FE5A5730C7}.Release|x86.ActiveCfg = Release|Any CPU
		{24C38EB4-C4AB-4435-B06B-08FE5A5730C7}.Release|x86.Build.0 = Release|Any CPU
		{720CA5ED-B96A-412D-B3FE-0B999051F886}.Debug|Any CPU.ActiveCfg = Debug|Any CPU
		{720CA5ED-B96A-412D-B3FE-0B999051F886}.Debug|Any CPU.Build.0 = Debug|Any CPU
		{720CA5ED-B96A-412D-B3FE-0B999051F886}.Debug|x64.ActiveCfg = Debug|Any CPU
		{720CA5ED-B96A-412D-B3FE-0B999051F886}.Debug|x64.Build.0 = Debug|Any CPU
		{720CA5ED-B96A-412D-B3FE-0B999051F886}.Debug|x86.ActiveCfg = Debug|Any CPU
		{720CA5ED-B96A-412D-B3FE-0B999051F886}.Debug|x86.Build.0 = Debug|Any CPU
		{720CA5ED-B96A-412D-B3FE-0B999051F886}.Release|Any CPU.ActiveCfg = Release|Any CPU
		{720CA5ED-B96A-412D-B3FE-0B999051F886}.Release|Any CPU.Build.0 = Release|Any CPU
		{720CA5ED-B96A-412D-B3FE-0B999051F886}.Release|x64.ActiveCfg = Release|Any CPU
		{720CA5ED-B96A-412D-B3FE-0B999051F886}.Release|x64.Build.0 = Release|Any CPU
		{720CA5ED-B96A-412D-B3FE-0B999051F886}.Release|x86.ActiveCfg = Release|Any CPU
		{720CA5ED-B96A-412D-B3FE-0B999051F886}.Release|x86.Build.0 = Release|Any CPU
		{7084DEF7-B25C-4F34-BC95-128B3254EE55}.Debug|Any CPU.ActiveCfg = Debug|Any CPU
		{7084DEF7-B25C-4F34-BC95-128B3254EE55}.Debug|Any CPU.Build.0 = Debug|Any CPU
		{7084DEF7-B25C-4F34-BC95-128B3254EE55}.Debug|x64.ActiveCfg = Debug|Any CPU
		{7084DEF7-B25C-4F34-BC95-128B3254EE55}.Debug|x64.Build.0 = Debug|Any CPU
		{7084DEF7-B25C-4F34-BC95-128B3254EE55}.Debug|x86.ActiveCfg = Debug|Any CPU
		{7084DEF7-B25C-4F34-BC95-128B3254EE55}.Debug|x86.Build.0 = Debug|Any CPU
		{7084DEF7-B25C-4F34-BC95-128B3254EE55}.Release|Any CPU.ActiveCfg = Release|Any CPU
		{7084DEF7-B25C-4F34-BC95-128B3254EE55}.Release|Any CPU.Build.0 = Release|Any CPU
		{7084DEF7-B25C-4F34-BC95-128B3254EE55}.Release|x64.ActiveCfg = Release|Any CPU
		{7084DEF7-B25C-4F34-BC95-128B3254EE55}.Release|x64.Build.0 = Release|Any CPU
		{7084DEF7-B25C-4F34-BC95-128B3254EE55}.Release|x86.ActiveCfg = Release|Any CPU
		{7084DEF7-B25C-4F34-BC95-128B3254EE55}.Release|x86.Build.0 = Release|Any CPU
		{2354FB9F-A90D-405C-95B7-8C8D47905471}.Debug|Any CPU.ActiveCfg = Debug|Any CPU
		{2354FB9F-A90D-405C-95B7-8C8D47905471}.Debug|Any CPU.Build.0 = Debug|Any CPU
		{2354FB9F-A90D-405C-95B7-8C8D47905471}.Debug|x64.ActiveCfg = Debug|Any CPU
		{2354FB9F-A90D-405C-95B7-8C8D47905471}.Debug|x64.Build.0 = Debug|Any CPU
		{2354FB9F-A90D-405C-95B7-8C8D47905471}.Debug|x86.ActiveCfg = Debug|Any CPU
		{2354FB9F-A90D-405C-95B7-8C8D47905471}.Debug|x86.Build.0 = Debug|Any CPU
		{2354FB9F-A90D-405C-95B7-8C8D47905471}.Release|Any CPU.ActiveCfg = Release|Any CPU
		{2354FB9F-A90D-405C-95B7-8C8D47905471}.Release|Any CPU.Build.0 = Release|Any CPU
		{2354FB9F-A90D-405C-95B7-8C8D47905471}.Release|x64.ActiveCfg = Release|Any CPU
		{2354FB9F-A90D-405C-95B7-8C8D47905471}.Release|x64.Build.0 = Release|Any CPU
		{2354FB9F-A90D-405C-95B7-8C8D47905471}.Release|x86.ActiveCfg = Release|Any CPU
		{2354FB9F-A90D-405C-95B7-8C8D47905471}.Release|x86.Build.0 = Release|Any CPU
		{DD7778F4-EFCD-43F2-959B-7F59C70E8630}.Debug|Any CPU.ActiveCfg = Debug|Any CPU
		{DD7778F4-EFCD-43F2-959B-7F59C70E8630}.Debug|Any CPU.Build.0 = Debug|Any CPU
		{DD7778F4-EFCD-43F2-959B-7F59C70E8630}.Debug|x64.ActiveCfg = Debug|Any CPU
		{DD7778F4-EFCD-43F2-959B-7F59C70E8630}.Debug|x64.Build.0 = Debug|Any CPU
		{DD7778F4-EFCD-43F2-959B-7F59C70E8630}.Debug|x86.ActiveCfg = Debug|Any CPU
		{DD7778F4-EFCD-43F2-959B-7F59C70E8630}.Debug|x86.Build.0 = Debug|Any CPU
		{DD7778F4-EFCD-43F2-959B-7F59C70E8630}.Release|Any CPU.ActiveCfg = Release|Any CPU
		{DD7778F4-EFCD-43F2-959B-7F59C70E8630}.Release|Any CPU.Build.0 = Release|Any CPU
		{DD7778F4-EFCD-43F2-959B-7F59C70E8630}.Release|x64.ActiveCfg = Release|Any CPU
		{DD7778F4-EFCD-43F2-959B-7F59C70E8630}.Release|x64.Build.0 = Release|Any CPU
		{DD7778F4-EFCD-43F2-959B-7F59C70E8630}.Release|x86.ActiveCfg = Release|Any CPU
		{DD7778F4-EFCD-43F2-959B-7F59C70E8630}.Release|x86.Build.0 = Release|Any CPU
		{5BB4072B-BF06-45C8-9D4D-2CA3B00E30D3}.Debug|Any CPU.ActiveCfg = Debug|Any CPU
		{5BB4072B-BF06-45C8-9D4D-2CA3B00E30D3}.Debug|Any CPU.Build.0 = Debug|Any CPU
		{5BB4072B-BF06-45C8-9D4D-2CA3B00E30D3}.Debug|x64.ActiveCfg = Debug|Any CPU
		{5BB4072B-BF06-45C8-9D4D-2CA3B00E30D3}.Debug|x64.Build.0 = Debug|Any CPU
		{5BB4072B-BF06-45C8-9D4D-2CA3B00E30D3}.Debug|x86.ActiveCfg = Debug|Any CPU
		{5BB4072B-BF06-45C8-9D4D-2CA3B00E30D3}.Debug|x86.Build.0 = Debug|Any CPU
		{5BB4072B-BF06-45C8-9D4D-2CA3B00E30D3}.Release|Any CPU.ActiveCfg = Release|Any CPU
		{5BB4072B-BF06-45C8-9D4D-2CA3B00E30D3}.Release|Any CPU.Build.0 = Release|Any CPU
		{5BB4072B-BF06-45C8-9D4D-2CA3B00E30D3}.Release|x64.ActiveCfg = Release|Any CPU
		{5BB4072B-BF06-45C8-9D4D-2CA3B00E30D3}.Release|x64.Build.0 = Release|Any CPU
		{5BB4072B-BF06-45C8-9D4D-2CA3B00E30D3}.Release|x86.ActiveCfg = Release|Any CPU
		{5BB4072B-BF06-45C8-9D4D-2CA3B00E30D3}.Release|x86.Build.0 = Release|Any CPU
		{7566711C-79BD-49B2-91CA-1E4F856ED42F}.Debug|Any CPU.ActiveCfg = Debug|Any CPU
		{7566711C-79BD-49B2-91CA-1E4F856ED42F}.Debug|Any CPU.Build.0 = Debug|Any CPU
		{7566711C-79BD-49B2-91CA-1E4F856ED42F}.Debug|x64.ActiveCfg = Debug|Any CPU
		{7566711C-79BD-49B2-91CA-1E4F856ED42F}.Debug|x64.Build.0 = Debug|Any CPU
		{7566711C-79BD-49B2-91CA-1E4F856ED42F}.Debug|x86.ActiveCfg = Debug|Any CPU
		{7566711C-79BD-49B2-91CA-1E4F856ED42F}.Debug|x86.Build.0 = Debug|Any CPU
		{7566711C-79BD-49B2-91CA-1E4F856ED42F}.Release|Any CPU.ActiveCfg = Release|Any CPU
		{7566711C-79BD-49B2-91CA-1E4F856ED42F}.Release|Any CPU.Build.0 = Release|Any CPU
		{7566711C-79BD-49B2-91CA-1E4F856ED42F}.Release|x64.ActiveCfg = Release|Any CPU
		{7566711C-79BD-49B2-91CA-1E4F856ED42F}.Release|x64.Build.0 = Release|Any CPU
		{7566711C-79BD-49B2-91CA-1E4F856ED42F}.Release|x86.ActiveCfg = Release|Any CPU
		{7566711C-79BD-49B2-91CA-1E4F856ED42F}.Release|x86.Build.0 = Release|Any CPU
		{64D37D62-3C27-4FCB-B507-890E65133463}.Debug|Any CPU.ActiveCfg = Debug|Any CPU
		{64D37D62-3C27-4FCB-B507-890E65133463}.Debug|Any CPU.Build.0 = Debug|Any CPU
		{64D37D62-3C27-4FCB-B507-890E65133463}.Debug|x64.ActiveCfg = Debug|Any CPU
		{64D37D62-3C27-4FCB-B507-890E65133463}.Debug|x64.Build.0 = Debug|Any CPU
		{64D37D62-3C27-4FCB-B507-890E65133463}.Debug|x86.ActiveCfg = Debug|Any CPU
		{64D37D62-3C27-4FCB-B507-890E65133463}.Debug|x86.Build.0 = Debug|Any CPU
		{64D37D62-3C27-4FCB-B507-890E65133463}.Release|Any CPU.ActiveCfg = Release|Any CPU
		{64D37D62-3C27-4FCB-B507-890E65133463}.Release|Any CPU.Build.0 = Release|Any CPU
		{64D37D62-3C27-4FCB-B507-890E65133463}.Release|x64.ActiveCfg = Release|Any CPU
		{64D37D62-3C27-4FCB-B507-890E65133463}.Release|x64.Build.0 = Release|Any CPU
		{64D37D62-3C27-4FCB-B507-890E65133463}.Release|x86.ActiveCfg = Release|Any CPU
		{64D37D62-3C27-4FCB-B507-890E65133463}.Release|x86.Build.0 = Release|Any CPU
		{51ED1223-115B-443E-9A94-28CF672A2BD1}.Debug|Any CPU.ActiveCfg = Debug|Any CPU
		{51ED1223-115B-443E-9A94-28CF672A2BD1}.Debug|Any CPU.Build.0 = Debug|Any CPU
		{51ED1223-115B-443E-9A94-28CF672A2BD1}.Debug|x64.ActiveCfg = Debug|Any CPU
		{51ED1223-115B-443E-9A94-28CF672A2BD1}.Debug|x64.Build.0 = Debug|Any CPU
		{51ED1223-115B-443E-9A94-28CF672A2BD1}.Debug|x86.ActiveCfg = Debug|Any CPU
		{51ED1223-115B-443E-9A94-28CF672A2BD1}.Debug|x86.Build.0 = Debug|Any CPU
		{51ED1223-115B-443E-9A94-28CF672A2BD1}.Release|Any CPU.ActiveCfg = Release|Any CPU
		{51ED1223-115B-443E-9A94-28CF672A2BD1}.Release|Any CPU.Build.0 = Release|Any CPU
		{51ED1223-115B-443E-9A94-28CF672A2BD1}.Release|x64.ActiveCfg = Release|Any CPU
		{51ED1223-115B-443E-9A94-28CF672A2BD1}.Release|x64.Build.0 = Release|Any CPU
		{51ED1223-115B-443E-9A94-28CF672A2BD1}.Release|x86.ActiveCfg = Release|Any CPU
		{51ED1223-115B-443E-9A94-28CF672A2BD1}.Release|x86.Build.0 = Release|Any CPU
		{0AA66893-0A23-4D16-BC04-3626AB08DA65}.Debug|Any CPU.ActiveCfg = Debug|Any CPU
		{0AA66893-0A23-4D16-BC04-3626AB08DA65}.Debug|Any CPU.Build.0 = Debug|Any CPU
		{0AA66893-0A23-4D16-BC04-3626AB08DA65}.Debug|x64.ActiveCfg = Debug|Any CPU
		{0AA66893-0A23-4D16-BC04-3626AB08DA65}.Debug|x64.Build.0 = Debug|Any CPU
		{0AA66893-0A23-4D16-BC04-3626AB08DA65}.Debug|x86.ActiveCfg = Debug|Any CPU
		{0AA66893-0A23-4D16-BC04-3626AB08DA65}.Debug|x86.Build.0 = Debug|Any CPU
		{0AA66893-0A23-4D16-BC04-3626AB08DA65}.Release|Any CPU.ActiveCfg = Release|Any CPU
		{0AA66893-0A23-4D16-BC04-3626AB08DA65}.Release|Any CPU.Build.0 = Release|Any CPU
		{0AA66893-0A23-4D16-BC04-3626AB08DA65}.Release|x64.ActiveCfg = Release|Any CPU
		{0AA66893-0A23-4D16-BC04-3626AB08DA65}.Release|x64.Build.0 = Release|Any CPU
		{0AA66893-0A23-4D16-BC04-3626AB08DA65}.Release|x86.ActiveCfg = Release|Any CPU
		{0AA66893-0A23-4D16-BC04-3626AB08DA65}.Release|x86.Build.0 = Release|Any CPU
		{00E1266F-ED00-454E-9AF8-819EEAD00166}.Debug|Any CPU.ActiveCfg = Debug|Any CPU
		{00E1266F-ED00-454E-9AF8-819EEAD00166}.Debug|Any CPU.Build.0 = Debug|Any CPU
		{00E1266F-ED00-454E-9AF8-819EEAD00166}.Debug|x64.ActiveCfg = Debug|Any CPU
		{00E1266F-ED00-454E-9AF8-819EEAD00166}.Debug|x64.Build.0 = Debug|Any CPU
		{00E1266F-ED00-454E-9AF8-819EEAD00166}.Debug|x86.ActiveCfg = Debug|Any CPU
		{00E1266F-ED00-454E-9AF8-819EEAD00166}.Debug|x86.Build.0 = Debug|Any CPU
		{00E1266F-ED00-454E-9AF8-819EEAD00166}.Release|Any CPU.ActiveCfg = Release|Any CPU
		{00E1266F-ED00-454E-9AF8-819EEAD00166}.Release|Any CPU.Build.0 = Release|Any CPU
		{00E1266F-ED00-454E-9AF8-819EEAD00166}.Release|x64.ActiveCfg = Release|Any CPU
		{00E1266F-ED00-454E-9AF8-819EEAD00166}.Release|x64.Build.0 = Release|Any CPU
		{00E1266F-ED00-454E-9AF8-819EEAD00166}.Release|x86.ActiveCfg = Release|Any CPU
		{00E1266F-ED00-454E-9AF8-819EEAD00166}.Release|x86.Build.0 = Release|Any CPU
		{4F16BCBC-0769-427F-A53D-1063F16FFAAC}.Debug|Any CPU.ActiveCfg = Debug|Any CPU
		{4F16BCBC-0769-427F-A53D-1063F16FFAAC}.Debug|Any CPU.Build.0 = Debug|Any CPU
		{4F16BCBC-0769-427F-A53D-1063F16FFAAC}.Debug|x64.ActiveCfg = Debug|Any CPU
		{4F16BCBC-0769-427F-A53D-1063F16FFAAC}.Debug|x64.Build.0 = Debug|Any CPU
		{4F16BCBC-0769-427F-A53D-1063F16FFAAC}.Debug|x86.ActiveCfg = Debug|Any CPU
		{4F16BCBC-0769-427F-A53D-1063F16FFAAC}.Debug|x86.Build.0 = Debug|Any CPU
		{4F16BCBC-0769-427F-A53D-1063F16FFAAC}.Release|Any CPU.ActiveCfg = Release|Any CPU
		{4F16BCBC-0769-427F-A53D-1063F16FFAAC}.Release|Any CPU.Build.0 = Release|Any CPU
		{4F16BCBC-0769-427F-A53D-1063F16FFAAC}.Release|x64.ActiveCfg = Release|Any CPU
		{4F16BCBC-0769-427F-A53D-1063F16FFAAC}.Release|x64.Build.0 = Release|Any CPU
		{4F16BCBC-0769-427F-A53D-1063F16FFAAC}.Release|x86.ActiveCfg = Release|Any CPU
		{4F16BCBC-0769-427F-A53D-1063F16FFAAC}.Release|x86.Build.0 = Release|Any CPU
		{9513B7DE-F42A-4957-9585-A589EC5EF65C}.Debug|Any CPU.ActiveCfg = Debug|Any CPU
		{9513B7DE-F42A-4957-9585-A589EC5EF65C}.Debug|Any CPU.Build.0 = Debug|Any CPU
		{9513B7DE-F42A-4957-9585-A589EC5EF65C}.Debug|x64.ActiveCfg = Debug|Any CPU
		{9513B7DE-F42A-4957-9585-A589EC5EF65C}.Debug|x64.Build.0 = Debug|Any CPU
		{9513B7DE-F42A-4957-9585-A589EC5EF65C}.Debug|x86.ActiveCfg = Debug|Any CPU
		{9513B7DE-F42A-4957-9585-A589EC5EF65C}.Debug|x86.Build.0 = Debug|Any CPU
		{9513B7DE-F42A-4957-9585-A589EC5EF65C}.Release|Any CPU.ActiveCfg = Release|Any CPU
		{9513B7DE-F42A-4957-9585-A589EC5EF65C}.Release|Any CPU.Build.0 = Release|Any CPU
		{9513B7DE-F42A-4957-9585-A589EC5EF65C}.Release|x64.ActiveCfg = Release|Any CPU
		{9513B7DE-F42A-4957-9585-A589EC5EF65C}.Release|x64.Build.0 = Release|Any CPU
		{9513B7DE-F42A-4957-9585-A589EC5EF65C}.Release|x86.ActiveCfg = Release|Any CPU
		{9513B7DE-F42A-4957-9585-A589EC5EF65C}.Release|x86.Build.0 = Release|Any CPU
		{40655ABE-4F93-419A-B2E3-E12364DB72EA}.Debug|Any CPU.ActiveCfg = Debug|Any CPU
		{40655ABE-4F93-419A-B2E3-E12364DB72EA}.Debug|Any CPU.Build.0 = Debug|Any CPU
		{40655ABE-4F93-419A-B2E3-E12364DB72EA}.Debug|x64.ActiveCfg = Debug|Any CPU
		{40655ABE-4F93-419A-B2E3-E12364DB72EA}.Debug|x64.Build.0 = Debug|Any CPU
		{40655ABE-4F93-419A-B2E3-E12364DB72EA}.Debug|x86.ActiveCfg = Debug|Any CPU
		{40655ABE-4F93-419A-B2E3-E12364DB72EA}.Debug|x86.Build.0 = Debug|Any CPU
		{40655ABE-4F93-419A-B2E3-E12364DB72EA}.Release|Any CPU.ActiveCfg = Release|Any CPU
		{40655ABE-4F93-419A-B2E3-E12364DB72EA}.Release|Any CPU.Build.0 = Release|Any CPU
		{40655ABE-4F93-419A-B2E3-E12364DB72EA}.Release|x64.ActiveCfg = Release|Any CPU
		{40655ABE-4F93-419A-B2E3-E12364DB72EA}.Release|x64.Build.0 = Release|Any CPU
		{40655ABE-4F93-419A-B2E3-E12364DB72EA}.Release|x86.ActiveCfg = Release|Any CPU
		{40655ABE-4F93-419A-B2E3-E12364DB72EA}.Release|x86.Build.0 = Release|Any CPU
		{E081D526-B859-4508-9E5C-9E3912F71240}.Debug|Any CPU.ActiveCfg = Debug|Any CPU
		{E081D526-B859-4508-9E5C-9E3912F71240}.Debug|Any CPU.Build.0 = Debug|Any CPU
		{E081D526-B859-4508-9E5C-9E3912F71240}.Debug|x64.ActiveCfg = Debug|Any CPU
		{E081D526-B859-4508-9E5C-9E3912F71240}.Debug|x64.Build.0 = Debug|Any CPU
		{E081D526-B859-4508-9E5C-9E3912F71240}.Debug|x86.ActiveCfg = Debug|Any CPU
		{E081D526-B859-4508-9E5C-9E3912F71240}.Debug|x86.Build.0 = Debug|Any CPU
		{E081D526-B859-4508-9E5C-9E3912F71240}.Release|Any CPU.ActiveCfg = Release|Any CPU
		{E081D526-B859-4508-9E5C-9E3912F71240}.Release|Any CPU.Build.0 = Release|Any CPU
		{E081D526-B859-4508-9E5C-9E3912F71240}.Release|x64.ActiveCfg = Release|Any CPU
		{E081D526-B859-4508-9E5C-9E3912F71240}.Release|x64.Build.0 = Release|Any CPU
		{E081D526-B859-4508-9E5C-9E3912F71240}.Release|x86.ActiveCfg = Release|Any CPU
		{E081D526-B859-4508-9E5C-9E3912F71240}.Release|x86.Build.0 = Release|Any CPU
		{D7223790-AC39-4437-8621-F27D04BC8D0F}.Debug|Any CPU.ActiveCfg = Debug|Any CPU
		{D7223790-AC39-4437-8621-F27D04BC8D0F}.Debug|Any CPU.Build.0 = Debug|Any CPU
		{D7223790-AC39-4437-8621-F27D04BC8D0F}.Debug|x64.ActiveCfg = Debug|Any CPU
		{D7223790-AC39-4437-8621-F27D04BC8D0F}.Debug|x64.Build.0 = Debug|Any CPU
		{D7223790-AC39-4437-8621-F27D04BC8D0F}.Debug|x86.ActiveCfg = Debug|Any CPU
		{D7223790-AC39-4437-8621-F27D04BC8D0F}.Debug|x86.Build.0 = Debug|Any CPU
		{D7223790-AC39-4437-8621-F27D04BC8D0F}.Release|Any CPU.ActiveCfg = Release|Any CPU
		{D7223790-AC39-4437-8621-F27D04BC8D0F}.Release|Any CPU.Build.0 = Release|Any CPU
		{D7223790-AC39-4437-8621-F27D04BC8D0F}.Release|x64.ActiveCfg = Release|Any CPU
		{D7223790-AC39-4437-8621-F27D04BC8D0F}.Release|x64.Build.0 = Release|Any CPU
		{D7223790-AC39-4437-8621-F27D04BC8D0F}.Release|x86.ActiveCfg = Release|Any CPU
		{D7223790-AC39-4437-8621-F27D04BC8D0F}.Release|x86.Build.0 = Release|Any CPU
		{BA3D4EC4-4061-4971-A53A-2A7E76C02FA3}.Debug|Any CPU.ActiveCfg = Debug|Any CPU
		{BA3D4EC4-4061-4971-A53A-2A7E76C02FA3}.Debug|Any CPU.Build.0 = Debug|Any CPU
		{BA3D4EC4-4061-4971-A53A-2A7E76C02FA3}.Debug|x64.ActiveCfg = Debug|Any CPU
		{BA3D4EC4-4061-4971-A53A-2A7E76C02FA3}.Debug|x64.Build.0 = Debug|Any CPU
		{BA3D4EC4-4061-4971-A53A-2A7E76C02FA3}.Debug|x86.ActiveCfg = Debug|Any CPU
		{BA3D4EC4-4061-4971-A53A-2A7E76C02FA3}.Debug|x86.Build.0 = Debug|Any CPU
		{BA3D4EC4-4061-4971-A53A-2A7E76C02FA3}.Release|Any CPU.ActiveCfg = Release|Any CPU
		{BA3D4EC4-4061-4971-A53A-2A7E76C02FA3}.Release|Any CPU.Build.0 = Release|Any CPU
		{BA3D4EC4-4061-4971-A53A-2A7E76C02FA3}.Release|x64.ActiveCfg = Release|Any CPU
		{BA3D4EC4-4061-4971-A53A-2A7E76C02FA3}.Release|x64.Build.0 = Release|Any CPU
		{BA3D4EC4-4061-4971-A53A-2A7E76C02FA3}.Release|x86.ActiveCfg = Release|Any CPU
		{BA3D4EC4-4061-4971-A53A-2A7E76C02FA3}.Release|x86.Build.0 = Release|Any CPU
		{B4838D72-26D9-4158-B8CF-A0F9EF246414}.Debug|Any CPU.ActiveCfg = Debug|Any CPU
		{B4838D72-26D9-4158-B8CF-A0F9EF246414}.Debug|Any CPU.Build.0 = Debug|Any CPU
		{B4838D72-26D9-4158-B8CF-A0F9EF246414}.Debug|x64.ActiveCfg = Debug|Any CPU
		{B4838D72-26D9-4158-B8CF-A0F9EF246414}.Debug|x64.Build.0 = Debug|Any CPU
		{B4838D72-26D9-4158-B8CF-A0F9EF246414}.Debug|x86.ActiveCfg = Debug|Any CPU
		{B4838D72-26D9-4158-B8CF-A0F9EF246414}.Debug|x86.Build.0 = Debug|Any CPU
		{B4838D72-26D9-4158-B8CF-A0F9EF246414}.Release|Any CPU.ActiveCfg = Release|Any CPU
		{B4838D72-26D9-4158-B8CF-A0F9EF246414}.Release|Any CPU.Build.0 = Release|Any CPU
		{B4838D72-26D9-4158-B8CF-A0F9EF246414}.Release|x64.ActiveCfg = Release|Any CPU
		{B4838D72-26D9-4158-B8CF-A0F9EF246414}.Release|x64.Build.0 = Release|Any CPU
		{B4838D72-26D9-4158-B8CF-A0F9EF246414}.Release|x86.ActiveCfg = Release|Any CPU
		{B4838D72-26D9-4158-B8CF-A0F9EF246414}.Release|x86.Build.0 = Release|Any CPU
		{404E8DA1-9790-4A3D-BC23-D3A10D08EA74}.Debug|Any CPU.ActiveCfg = Debug|Any CPU
		{404E8DA1-9790-4A3D-BC23-D3A10D08EA74}.Debug|Any CPU.Build.0 = Debug|Any CPU
		{404E8DA1-9790-4A3D-BC23-D3A10D08EA74}.Debug|x64.ActiveCfg = Debug|Any CPU
		{404E8DA1-9790-4A3D-BC23-D3A10D08EA74}.Debug|x64.Build.0 = Debug|Any CPU
		{404E8DA1-9790-4A3D-BC23-D3A10D08EA74}.Debug|x86.ActiveCfg = Debug|Any CPU
		{404E8DA1-9790-4A3D-BC23-D3A10D08EA74}.Debug|x86.Build.0 = Debug|Any CPU
		{404E8DA1-9790-4A3D-BC23-D3A10D08EA74}.Release|Any CPU.ActiveCfg = Release|Any CPU
		{404E8DA1-9790-4A3D-BC23-D3A10D08EA74}.Release|Any CPU.Build.0 = Release|Any CPU
		{404E8DA1-9790-4A3D-BC23-D3A10D08EA74}.Release|x64.ActiveCfg = Release|Any CPU
		{404E8DA1-9790-4A3D-BC23-D3A10D08EA74}.Release|x64.Build.0 = Release|Any CPU
		{404E8DA1-9790-4A3D-BC23-D3A10D08EA74}.Release|x86.ActiveCfg = Release|Any CPU
		{404E8DA1-9790-4A3D-BC23-D3A10D08EA74}.Release|x86.Build.0 = Release|Any CPU
		{2ED9B901-7DCA-4916-B5D1-EC62DFFB13B5}.Debug|Any CPU.ActiveCfg = Debug|Any CPU
		{2ED9B901-7DCA-4916-B5D1-EC62DFFB13B5}.Debug|Any CPU.Build.0 = Debug|Any CPU
		{2ED9B901-7DCA-4916-B5D1-EC62DFFB13B5}.Debug|x64.ActiveCfg = Debug|Any CPU
		{2ED9B901-7DCA-4916-B5D1-EC62DFFB13B5}.Debug|x64.Build.0 = Debug|Any CPU
		{2ED9B901-7DCA-4916-B5D1-EC62DFFB13B5}.Debug|x86.ActiveCfg = Debug|Any CPU
		{2ED9B901-7DCA-4916-B5D1-EC62DFFB13B5}.Debug|x86.Build.0 = Debug|Any CPU
		{2ED9B901-7DCA-4916-B5D1-EC62DFFB13B5}.Release|Any CPU.ActiveCfg = Release|Any CPU
		{2ED9B901-7DCA-4916-B5D1-EC62DFFB13B5}.Release|Any CPU.Build.0 = Release|Any CPU
		{2ED9B901-7DCA-4916-B5D1-EC62DFFB13B5}.Release|x64.ActiveCfg = Release|Any CPU
		{2ED9B901-7DCA-4916-B5D1-EC62DFFB13B5}.Release|x64.Build.0 = Release|Any CPU
		{2ED9B901-7DCA-4916-B5D1-EC62DFFB13B5}.Release|x86.ActiveCfg = Release|Any CPU
		{2ED9B901-7DCA-4916-B5D1-EC62DFFB13B5}.Release|x86.Build.0 = Release|Any CPU
	EndGlobalSection
	GlobalSection(SolutionProperties) = preSolution
		HideSolutionNode = FALSE
	EndGlobalSection
	GlobalSection(NestedProjects) = preSolution
		{6EBFC804-DA23-4091-BFF9-5C4A510FB346} = {4F52FD11-658E-A102-6CD3-7D7C16FFA15B}
		{A35F0931-22D6-4E60-B1B6-2F0B46718992} = {5854FF58-B8C5-05C6-5BF2-ACE42193F22B}
		{4C612D4F-4851-4F9E-A911-EB2EFBD29D9B} = {5854FF58-B8C5-05C6-5BF2-ACE42193F22B}
		{F06603D5-4223-4C57-A7AE-0FDB1ECF6E27} = {5854FF58-B8C5-05C6-5BF2-ACE42193F22B}
		{F4FE6E1E-A659-401F-99C6-23D787EE0ED8} = {5854FF58-B8C5-05C6-5BF2-ACE42193F22B}
		{C7132C05-E4F0-46B9-BC3E-7FDCB9A3A717} = {5854FF58-B8C5-05C6-5BF2-ACE42193F22B}
		{5D6D2EAA-9C6A-48D3-9A36-1A4F5D9205FC} = {5854FF58-B8C5-05C6-5BF2-ACE42193F22B}
		{24C38EB4-C4AB-4435-B06B-08FE5A5730C7} = {5854FF58-B8C5-05C6-5BF2-ACE42193F22B}
		{720CA5ED-B96A-412D-B3FE-0B999051F886} = {5854FF58-B8C5-05C6-5BF2-ACE42193F22B}
		{7084DEF7-B25C-4F34-BC95-128B3254EE55} = {5854FF58-B8C5-05C6-5BF2-ACE42193F22B}
		{2354FB9F-A90D-405C-95B7-8C8D47905471} = {5854FF58-B8C5-05C6-5BF2-ACE42193F22B}
		{DD7778F4-EFCD-43F2-959B-7F59C70E8630} = {5854FF58-B8C5-05C6-5BF2-ACE42193F22B}
		{5BB4072B-BF06-45C8-9D4D-2CA3B00E30D3} = {5854FF58-B8C5-05C6-5BF2-ACE42193F22B}
		{7566711C-79BD-49B2-91CA-1E4F856ED42F} = {5854FF58-B8C5-05C6-5BF2-ACE42193F22B}
		{64D37D62-3C27-4FCB-B507-890E65133463} = {5854FF58-B8C5-05C6-5BF2-ACE42193F22B}
		{51ED1223-115B-443E-9A94-28CF672A2BD1} = {5854FF58-B8C5-05C6-5BF2-ACE42193F22B}
		{0AA66893-0A23-4D16-BC04-3626AB08DA65} = {5854FF58-B8C5-05C6-5BF2-ACE42193F22B}
		{00E1266F-ED00-454E-9AF8-819EEAD00166} = {5854FF58-B8C5-05C6-5BF2-ACE42193F22B}
		{4F16BCBC-0769-427F-A53D-1063F16FFAAC} = {5854FF58-B8C5-05C6-5BF2-ACE42193F22B}
		{9513B7DE-F42A-4957-9585-A589EC5EF65C} = {5854FF58-B8C5-05C6-5BF2-ACE42193F22B}
		{40655ABE-4F93-419A-B2E3-E12364DB72EA} = {5854FF58-B8C5-05C6-5BF2-ACE42193F22B}
		{E081D526-B859-4508-9E5C-9E3912F71240} = {5854FF58-B8C5-05C6-5BF2-ACE42193F22B}
		{D7223790-AC39-4437-8621-F27D04BC8D0F} = {5854FF58-B8C5-05C6-5BF2-ACE42193F22B}
		{BA3D4EC4-4061-4971-A53A-2A7E76C02FA3} = {5854FF58-B8C5-05C6-5BF2-ACE42193F22B}
		{B4838D72-26D9-4158-B8CF-A0F9EF246414} = {5854FF58-B8C5-05C6-5BF2-ACE42193F22B}
		{404E8DA1-9790-4A3D-BC23-D3A10D08EA74} = {5854FF58-B8C5-05C6-5BF2-ACE42193F22B}
	EndGlobalSection
EndGlobal
